Microsoft Visual Studio Solution File, Format Version 11.00
# Visual Studio 2008

Project("{83AF950D-5179-1EC9-E0CF-45F27888B18E}") = "Rhythmic Demise", "Assembly-CSharp.csproj", "{5DDF9EE5-F98A-902A-6B91-C4A549A22AAA}"
EndProject
Global
	GlobalSection(SolutionConfigurationPlatforms) = preSolution
		Debug|Any CPU = Debug|Any CPU
		Release|Any CPU = Release|Any CPU
	EndGlobalSection
	GlobalSection(ProjectConfigurationPlatforms) = postSolution
		{5DDF9EE5-F98A-902A-6B91-C4A549A22AAA}.Debug|Any CPU.ActiveCfg = Debug|Any CPU
		{5DDF9EE5-F98A-902A-6B91-C4A549A22AAA}.Debug|Any CPU.Build.0 = Debug|Any CPU
		{5DDF9EE5-F98A-902A-6B91-C4A549A22AAA}.Release|Any CPU.ActiveCfg = Release|Any CPU
		{5DDF9EE5-F98A-902A-6B91-C4A549A22AAA}.Release|Any CPU.Build.0 = Release|Any CPU
	EndGlobalSection
	GlobalSection(SolutionProperties) = preSolution
		HideSolutionNode = FALSE
	EndGlobalSection
	GlobalSection(MonoDevelopProperties) = preSolution
		StartupItem = Assembly-CSharp.csproj
	EndGlobalSection
EndGlobal
